
Microsoft Visual Studio Solution File, Format Version 12.00
# Visual Studio 15
VisualStudioVersion = 15.0.28307.438
MinimumVisualStudioVersion = 10.0.40219.1
Project("{8BC9CEB8-8B4A-11D0-8D11-00A0C91BC942}") = "system_sys", "source_code\system_sys\system_sys.vcxproj", "{62E014AA-6D16-3777-AC20-EC920E76ECA4}"
EndProject
Project("{8BC9CEB8-8B4A-11D0-8D11-00A0C91BC942}") = "system_fpl", "source_code\system_fpl\system_fpl.vcxproj", "{E049B693-FE07-3FD5-8442-9C262EADBB20}"
	ProjectSection(ProjectDependencies) = postProject
		{62E014AA-6D16-3777-AC20-EC920E76ECA4} = {62E014AA-6D16-3777-AC20-EC920E76ECA4}
	EndProjectSection
EndProject
Project("{8BC9CEB8-8B4A-11D0-8D11-00A0C91BC942}") = "system_hydraulic", "source_code\system_hydraulic\system_hydraulic.vcxproj", "{EBE57A41-109E-3953-BB3E-E314E3B73B52}"
	ProjectSection(ProjectDependencies) = postProject
		{7E6276A9-D195-36E9-BB8F-03F68E7601FD} = {7E6276A9-D195-36E9-BB8F-03F68E7601FD}
		{62E014AA-6D16-3777-AC20-EC920E76ECA4} = {62E014AA-6D16-3777-AC20-EC920E76ECA4}
	EndProjectSection
EndProject
Project("{8BC9CEB8-8B4A-11D0-8D11-00A0C91BC942}") = "solver", "source_code\system_hydraulic\source_code\solver\solver.vcxproj", "{7E6276A9-D195-36E9-BB8F-03F68E7601FD}"
EndProject
Project("{8BC9CEB8-8B4A-11D0-8D11-00A0C91BC942}") = "system_dam", "source_code\system_dam\system_dam.vcxproj", "{75DFDC1C-C6ED-359A-8DB4-16F94145BA64}"
	ProjectSection(ProjectDependencies) = postProject
		{EBE57A41-109E-3953-BB3E-E314E3B73B52} = {EBE57A41-109E-3953-BB3E-E314E3B73B52}
		{62E014AA-6D16-3777-AC20-EC920E76ECA4} = {62E014AA-6D16-3777-AC20-EC920E76ECA4}
	EndProjectSection
EndProject
Project("{8BC9CEB8-8B4A-11D0-8D11-00A0C91BC942}") = "system_risk", "source_code\system_risk\system_risk.vcxproj", "{58A4509C-2A2A-3836-80F2-5F1598B495B7}"
	ProjectSection(ProjectDependencies) = postProject
		{75DFDC1C-C6ED-359A-8DB4-16F94145BA64} = {75DFDC1C-C6ED-359A-8DB4-16F94145BA64}
		{EBE57A41-109E-3953-BB3E-E314E3B73B52} = {EBE57A41-109E-3953-BB3E-E314E3B73B52}
		{E049B693-FE07-3FD5-8442-9C262EADBB20} = {E049B693-FE07-3FD5-8442-9C262EADBB20}
		{62E014AA-6D16-3777-AC20-EC920E76ECA4} = {62E014AA-6D16-3777-AC20-EC920E76ECA4}
	EndProjectSection
EndProject
Project("{8BC9CEB8-8B4A-11D0-8D11-00A0C91BC942}") = "system_madm", "source_code\system_madm\system_madm.vcxproj", "{0CAED1ED-E0A9-36CF-89D8-A7AEC6F1D56F}"
	ProjectSection(ProjectDependencies) = postProject
		{58A4509C-2A2A-3836-80F2-5F1598B495B7} = {58A4509C-2A2A-3836-80F2-5F1598B495B7}
		{7A27FBD2-62B7-3945-B81C-A623EBAFE407} = {7A27FBD2-62B7-3945-B81C-A623EBAFE407}
	EndProjectSection
EndProject
Project("{8BC9CEB8-8B4A-11D0-8D11-00A0C91BC942}") = "system_alt", "source_code\system_alt\system_alt.vcxproj", "{DC3C3D82-19F0-3380-B0CC-D390B5FAB624}"
	ProjectSection(ProjectDependencies) = postProject
		{75DFDC1C-C6ED-359A-8DB4-16F94145BA64} = {75DFDC1C-C6ED-359A-8DB4-16F94145BA64}
		{EBE57A41-109E-3953-BB3E-E314E3B73B52} = {EBE57A41-109E-3953-BB3E-E314E3B73B52}
		{E049B693-FE07-3FD5-8442-9C262EADBB20} = {E049B693-FE07-3FD5-8442-9C262EADBB20}
	EndProjectSection
EndProject
Project("{8BC9CEB8-8B4A-11D0-8D11-00A0C91BC942}") = "system_cost", "source_code\system_cost\system_cost.vcxproj", "{7A27FBD2-62B7-3945-B81C-A623EBAFE407}"
	ProjectSection(ProjectDependencies) = postProject
		{DC3C3D82-19F0-3380-B0CC-D390B5FAB624} = {DC3C3D82-19F0-3380-B0CC-D390B5FAB624}
	EndProjectSection
EndProject
Project("{8BC9CEB8-8B4A-11D0-8D11-00A0C91BC942}") = "ProMaIDeS", "ProMaIDeS.vcxproj", "{A9D22392-ECE2-3441-A6E1-A55761CB9362}"
	ProjectSection(ProjectDependencies) = postProject
		{75DFDC1C-C6ED-359A-8DB4-16F94145BA64} = {75DFDC1C-C6ED-359A-8DB4-16F94145BA64}
		{EBE57A41-109E-3953-BB3E-E314E3B73B52} = {EBE57A41-109E-3953-BB3E-E314E3B73B52}
		{DC3C3D82-19F0-3380-B0CC-D390B5FAB624} = {DC3C3D82-19F0-3380-B0CC-D390B5FAB624}
		{E049B693-FE07-3FD5-8442-9C262EADBB20} = {E049B693-FE07-3FD5-8442-9C262EADBB20}
		{58A4509C-2A2A-3836-80F2-5F1598B495B7} = {58A4509C-2A2A-3836-80F2-5F1598B495B7}
		{7E6276A9-D195-36E9-BB8F-03F68E7601FD} = {7E6276A9-D195-36E9-BB8F-03F68E7601FD}
		{62E014AA-6D16-3777-AC20-EC920E76ECA4} = {62E014AA-6D16-3777-AC20-EC920E76ECA4}
		{7A27FBD2-62B7-3945-B81C-A623EBAFE407} = {7A27FBD2-62B7-3945-B81C-A623EBAFE407}
		{0CAED1ED-E0A9-36CF-89D8-A7AEC6F1D56F} = {0CAED1ED-E0A9-36CF-89D8-A7AEC6F1D56F}
	EndProjectSection
EndProject
Global
	GlobalSection(SolutionConfigurationPlatforms) = preSolution
		Debug|x64 = Debug|x64
		Debug|x86 = Debug|x86
		Release|x64 = Release|x64
		Release|x86 = Release|x86
	EndGlobalSection
	GlobalSection(ProjectConfigurationPlatforms) = postSolution
		{62E014AA-6D16-3777-AC20-EC920E76ECA4}.Debug|x64.ActiveCfg = Debug|x64
		{62E014AA-6D16-3777-AC20-EC920E76ECA4}.Debug|x64.Build.0 = Debug|x64
		{62E014AA-6D16-3777-AC20-EC920E76ECA4}.Debug|x86.ActiveCfg = Debug|Win32
		{62E014AA-6D16-3777-AC20-EC920E76ECA4}.Debug|x86.Build.0 = Debug|Win32
		{62E014AA-6D16-3777-AC20-EC920E76ECA4}.Release|x64.ActiveCfg = Release|x64
		{62E014AA-6D16-3777-AC20-EC920E76ECA4}.Release|x64.Build.0 = Release|x64
		{62E014AA-6D16-3777-AC20-EC920E76ECA4}.Release|x86.ActiveCfg = Release|Win32
		{62E014AA-6D16-3777-AC20-EC920E76ECA4}.Release|x86.Build.0 = Release|Win32
		{E049B693-FE07-3FD5-8442-9C262EADBB20}.Debug|x64.ActiveCfg = Debug|x64
		{E049B693-FE07-3FD5-8442-9C262EADBB20}.Debug|x64.Build.0 = Debug|x64
		{E049B693-FE07-3FD5-8442-9C262EADBB20}.Debug|x86.ActiveCfg = Debug|Win32
		{E049B693-FE07-3FD5-8442-9C262EADBB20}.Debug|x86.Build.0 = Debug|Win32
		{E049B693-FE07-3FD5-8442-9C262EADBB20}.Release|x64.ActiveCfg = Release|x64
		{E049B693-FE07-3FD5-8442-9C262EADBB20}.Release|x64.Build.0 = Release|x64
		{E049B693-FE07-3FD5-8442-9C262EADBB20}.Release|x86.ActiveCfg = Release|Win32
		{E049B693-FE07-3FD5-8442-9C262EADBB20}.Release|x86.Build.0 = Release|Win32
		{EBE57A41-109E-3953-BB3E-E314E3B73B52}.Debug|x64.ActiveCfg = Debug|x64
		{EBE57A41-109E-3953-BB3E-E314E3B73B52}.Debug|x64.Build.0 = Debug|x64
		{EBE57A41-109E-3953-BB3E-E314E3B73B52}.Debug|x86.ActiveCfg = Debug|Win32
		{EBE57A41-109E-3953-BB3E-E314E3B73B52}.Debug|x86.Build.0 = Debug|Win32
		{EBE57A41-109E-3953-BB3E-E314E3B73B52}.Release|x64.ActiveCfg = Release|x64
		{EBE57A41-109E-3953-BB3E-E314E3B73B52}.Release|x64.Build.0 = Release|x64
		{EBE57A41-109E-3953-BB3E-E314E3B73B52}.Release|x86.ActiveCfg = Release|Win32
		{EBE57A41-109E-3953-BB3E-E314E3B73B52}.Release|x86.Build.0 = Release|Win32
		{7E6276A9-D195-36E9-BB8F-03F68E7601FD}.Debug|x64.ActiveCfg = Debug|x64
		{7E6276A9-D195-36E9-BB8F-03F68E7601FD}.Debug|x64.Build.0 = Debug|x64
		{7E6276A9-D195-36E9-BB8F-03F68E7601FD}.Debug|x86.ActiveCfg = Debug|Win32
		{7E6276A9-D195-36E9-BB8F-03F68E7601FD}.Debug|x86.Build.0 = Debug|Win32
		{7E6276A9-D195-36E9-BB8F-03F68E7601FD}.Release|x64.ActiveCfg = Release|x64
		{7E6276A9-D195-36E9-BB8F-03F68E7601FD}.Release|x64.Build.0 = Release|x64
		{7E6276A9-D195-36E9-BB8F-03F68E7601FD}.Release|x86.ActiveCfg = Release|Win32
		{7E6276A9-D195-36E9-BB8F-03F68E7601FD}.Release|x86.Build.0 = Release|Win32
		{75DFDC1C-C6ED-359A-8DB4-16F94145BA64}.Debug|x64.ActiveCfg = Debug|x64
		{75DFDC1C-C6ED-359A-8DB4-16F94145BA64}.Debug|x64.Build.0 = Debug|x64
		{75DFDC1C-C6ED-359A-8DB4-16F94145BA64}.Debug|x86.ActiveCfg = Debug|Win32
		{75DFDC1C-C6ED-359A-8DB4-16F94145BA64}.Debug|x86.Build.0 = Debug|Win32
		{75DFDC1C-C6ED-359A-8DB4-16F94145BA64}.Release|x64.ActiveCfg = Release|x64
		{75DFDC1C-C6ED-359A-8DB4-16F94145BA64}.Release|x64.Build.0 = Release|x64
		{75DFDC1C-C6ED-359A-8DB4-16F94145BA64}.Release|x86.ActiveCfg = Release|Win32
		{75DFDC1C-C6ED-359A-8DB4-16F94145BA64}.Release|x86.Build.0 = Release|Win32
		{58A4509C-2A2A-3836-80F2-5F1598B495B7}.Debug|x64.ActiveCfg = Debug|x64
		{58A4509C-2A2A-3836-80F2-5F1598B495B7}.Debug|x64.Build.0 = Debug|x64
		{58A4509C-2A2A-3836-80F2-5F1598B495B7}.Debug|x86.ActiveCfg = Debug|Win32
		{58A4509C-2A2A-3836-80F2-5F1598B495B7}.Debug|x86.Build.0 = Debug|Win32
		{58A4509C-2A2A-3836-80F2-5F1598B495B7}.Release|x64.ActiveCfg = Release|x64
		{58A4509C-2A2A-3836-80F2-5F1598B495B7}.Release|x64.Build.0 = Release|x64
		{58A4509C-2A2A-3836-80F2-5F1598B495B7}.Release|x86.ActiveCfg = Release|Win32
		{58A4509C-2A2A-3836-80F2-5F1598B495B7}.Release|x86.Build.0 = Release|Win32
		{0CAED1ED-E0A9-36CF-89D8-A7AEC6F1D56F}.Debug|x64.ActiveCfg = Debug|x64
		{0CAED1ED-E0A9-36CF-89D8-A7AEC6F1D56F}.Debug|x64.Build.0 = Debug|x64
		{0CAED1ED-E0A9-36CF-89D8-A7AEC6F1D56F}.Debug|x86.ActiveCfg = Debug|Win32
		{0CAED1ED-E0A9-36CF-89D8-A7AEC6F1D56F}.Debug|x86.Build.0 = Debug|Win32
		{0CAED1ED-E0A9-36CF-89D8-A7AEC6F1D56F}.Release|x64.ActiveCfg = Release|x64
		{0CAED1ED-E0A9-36CF-89D8-A7AEC6F1D56F}.Release|x64.Build.0 = Release|x64
		{0CAED1ED-E0A9-36CF-89D8-A7AEC6F1D56F}.Release|x86.ActiveCfg = Release|Win32
		{0CAED1ED-E0A9-36CF-89D8-A7AEC6F1D56F}.Release|x86.Build.0 = Release|Win32
		{DC3C3D82-19F0-3380-B0CC-D390B5FAB624}.Debug|x64.ActiveCfg = Debug|x64
		{DC3C3D82-19F0-3380-B0CC-D390B5FAB624}.Debug|x64.Build.0 = Debug|x64
		{DC3C3D82-19F0-3380-B0CC-D390B5FAB624}.Debug|x86.ActiveCfg = Debug|Win32
		{DC3C3D82-19F0-3380-B0CC-D390B5FAB624}.Debug|x86.Build.0 = Debug|Win32
		{DC3C3D82-19F0-3380-B0CC-D390B5FAB624}.Release|x64.ActiveCfg = Release|x64
		{DC3C3D82-19F0-3380-B0CC-D390B5FAB624}.Release|x64.Build.0 = Release|x64
		{DC3C3D82-19F0-3380-B0CC-D390B5FAB624}.Release|x86.ActiveCfg = Release|Win32
		{DC3C3D82-19F0-3380-B0CC-D390B5FAB624}.Release|x86.Build.0 = Release|Win32
		{7A27FBD2-62B7-3945-B81C-A623EBAFE407}.Debug|x64.ActiveCfg = Debug|x64
		{7A27FBD2-62B7-3945-B81C-A623EBAFE407}.Debug|x64.Build.0 = Debug|x64
		{7A27FBD2-62B7-3945-B81C-A623EBAFE407}.Debug|x86.ActiveCfg = Debug|Win32
		{7A27FBD2-62B7-3945-B81C-A623EBAFE407}.Debug|x86.Build.0 = Debug|Win32
		{7A27FBD2-62B7-3945-B81C-A623EBAFE407}.Release|x64.ActiveCfg = Release|x64
		{7A27FBD2-62B7-3945-B81C-A623EBAFE407}.Release|x64.Build.0 = Release|x64
		{7A27FBD2-62B7-3945-B81C-A623EBAFE407}.Release|x86.ActiveCfg = Release|Win32
		{7A27FBD2-62B7-3945-B81C-A623EBAFE407}.Release|x86.Build.0 = Release|Win32
		{A9D22392-ECE2-3441-A6E1-A55761CB9362}.Debug|x64.ActiveCfg = Debug|x64
		{A9D22392-ECE2-3441-A6E1-A55761CB9362}.Debug|x64.Build.0 = Debug|x64
		{A9D22392-ECE2-3441-A6E1-A55761CB9362}.Debug|x86.ActiveCfg = Debug|Win32
		{A9D22392-ECE2-3441-A6E1-A55761CB9362}.Debug|x86.Build.0 = Debug|Win32
		{A9D22392-ECE2-3441-A6E1-A55761CB9362}.Release|x64.ActiveCfg = Release|x64
		{A9D22392-ECE2-3441-A6E1-A55761CB9362}.Release|x64.Build.0 = Release|x64
		{A9D22392-ECE2-3441-A6E1-A55761CB9362}.Release|x86.ActiveCfg = Release|Win32
		{A9D22392-ECE2-3441-A6E1-A55761CB9362}.Release|x86.Build.0 = Release|Win32
	EndGlobalSection
	GlobalSection(SolutionProperties) = preSolution
		HideSolutionNode = FALSE
	EndGlobalSection
	GlobalSection(ExtensibilityGlobals) = postSolution
		SolutionGuid = {0E5F20C0-1E9E-4181-A1DF-56C563A72B1C}
		Qt5Version = msvc2017_64
	EndGlobalSection
EndGlobal
